
Microsoft Visual Studio Solution File, Format Version 11.00
# Visual Studio 2010
Project("{FAE04EC0-301F-11D3-BF4B-00C04F79EFBC}") = "Assembly-CSharp", "Assembly-CSharp.csproj", "{c4cdfc4e-c050-4f2f-b300-4f2fad788673}"
EndProject
Project("{FAE04EC0-301F-11D3-BF4B-00C04F79EFBC}") = "Assembly-CSharp-Editor", "Assembly-CSharp-Editor.csproj", "{0e84b68c-21bd-e204-8309-87593fcd6828}"
EndProject
Global
	GlobalSection(SolutionConfigurationPlatforms) = preSolution
		Debug|Any CPU = Debug|Any CPU
	EndGlobalSection
	GlobalSection(ProjectConfigurationPlatforms) = postSolution
		{c4cdfc4e-c050-4f2f-b300-4f2fad788673}.Debug|Any CPU.ActiveCfg = Debug|Any CPU
		{c4cdfc4e-c050-4f2f-b300-4f2fad788673}.Debug|Any CPU.Build.0 = Debug|Any CPU
		{0e84b68c-21bd-e204-8309-87593fcd6828}.Debug|Any CPU.ActiveCfg = Debug|Any CPU
		{0e84b68c-21bd-e204-8309-87593fcd6828}.Debug|Any CPU.Build.0 = Debug|Any CPU
	EndGlobalSection
	GlobalSection(SolutionProperties) = preSolution
		HideSolutionNode = FALSE
	EndGlobalSection
EndGlobal
